// !$*UTF8*$!
{
	archiveVersion = 1;
	classes = {
	};
	objectVersion = 60;
	objects = {

/* Begin PBXBuildFile section */
		015003352B2078CF002857A1 /* AppDelegate.swift in Sources */ = {isa = PBXBuildFile; fileRef = 015003342B2078CF002857A1 /* AppDelegate.swift */; };
		015003372B2078CF002857A1 /* SceneDelegate.swift in Sources */ = {isa = PBXBuildFile; fileRef = 015003362B2078CF002857A1 /* SceneDelegate.swift */; };
		015003392B2078CF002857A1 /* ViewController.swift in Sources */ = {isa = PBXBuildFile; fileRef = 015003382B2078CF002857A1 /* ViewController.swift */; };
		0150033C2B2078CF002857A1 /* Main.storyboard in Resources */ = {isa = PBXBuildFile; fileRef = 0150033A2B2078CF002857A1 /* Main.storyboard */; };
		0150033E2B2078D0002857A1 /* Assets.xcassets in Resources */ = {isa = PBXBuildFile; fileRef = 0150033D2B2078D0002857A1 /* Assets.xcassets */; };
		015003412B2078D0002857A1 /* LaunchScreen.storyboard in Resources */ = {isa = PBXBuildFile; fileRef = 0150033F2B2078D0002857A1 /* LaunchScreen.storyboard */; };
		3072F8912CCA26FF00D4600D /* Alamofire.framework in Frameworks */ = {isa = PBXBuildFile; fileRef = 3072F8592CCA26DD00D4600D /* Alamofire.framework */; };
		3072F8922CCA26FF00D4600D /* Alamofire.framework in Embed Frameworks */ = {isa = PBXBuildFile; fileRef = 3072F8592CCA26DD00D4600D /* Alamofire.framework */; settings = {ATTRIBUTES = (CodeSignOnCopy, RemoveHeadersOnCopy, ); }; };
		3072F8932CCA26FF00D4600D /* App.xcframework in Frameworks */ = {isa = PBXBuildFile; fileRef = 3072F8602CCA26DD00D4600D /* App.xcframework */; };
		3072F8942CCA26FF00D4600D /* App.xcframework in Embed Frameworks */ = {isa = PBXBuildFile; fileRef = 3072F8602CCA26DD00D4600D /* App.xcframework */; settings = {ATTRIBUTES = (CodeSignOnCopy, RemoveHeadersOnCopy, ); }; };
		3072F8952CCA26FF00D4600D /* connectivity_plus.xcframework in Frameworks */ = {isa = PBXBuildFile; fileRef = 3072F86D2CCA26DD00D4600D /* connectivity_plus.xcframework */; };
		3072F8962CCA26FF00D4600D /* connectivity_plus.xcframework in Embed Frameworks */ = {isa = PBXBuildFile; fileRef = 3072F86D2CCA26DD00D4600D /* connectivity_plus.xcframework */; settings = {ATTRIBUTES = (CodeSignOnCopy, RemoveHeadersOnCopy, ); }; };
		3072F8972CCA26FF00D4600D /* device_info_plus.xcframework in Frameworks */ = {isa = PBXBuildFile; fileRef = 3072F86C2CCA26DD00D4600D /* device_info_plus.xcframework */; };
		3072F8982CCA26FF00D4600D /* device_info_plus.xcframework in Embed Frameworks */ = {isa = PBXBuildFile; fileRef = 3072F86C2CCA26DD00D4600D /* device_info_plus.xcframework */; settings = {ATTRIBUTES = (CodeSignOnCopy, RemoveHeadersOnCopy, ); }; };
		3072F8992CCA26FF00D4600D /* device_info.xcframework in Frameworks */ = {isa = PBXBuildFile; fileRef = 3072F8622CCA26DD00D4600D /* device_info.xcframework */; };
		3072F89A2CCA26FF00D4600D /* device_info.xcframework in Embed Frameworks */ = {isa = PBXBuildFile; fileRef = 3072F8622CCA26DD00D4600D /* device_info.xcframework */; settings = {ATTRIBUTES = (CodeSignOnCopy, RemoveHeadersOnCopy, ); }; };
		3072F89B2CCA26FF00D4600D /* eContractSDK.framework in Frameworks */ = {isa = PBXBuildFile; fileRef = 3072F8562CCA26DD00D4600D /* eContractSDK.framework */; };
		3072F89C2CCA26FF00D4600D /* eContractSDK.framework in Embed Frameworks */ = {isa = PBXBuildFile; fileRef = 3072F8562CCA26DD00D4600D /* eContractSDK.framework */; settings = {ATTRIBUTES = (CodeSignOnCopy, RemoveHeadersOnCopy, ); }; };
		3072F89D2CCA270000D4600D /* eKYCLib.xcframework in Frameworks */ = {isa = PBXBuildFile; fileRef = 3072F8522CCA26DD00D4600D /* eKYCLib.xcframework */; };
		3072F89E2CCA270000D4600D /* eKYCLib.xcframework in Embed Frameworks */ = {isa = PBXBuildFile; fileRef = 3072F8522CCA26DD00D4600D /* eKYCLib.xcframework */; settings = {ATTRIBUTES = (CodeSignOnCopy, RemoveHeadersOnCopy, ); }; };
		3072F89F2CCA270000D4600D /* flutter_jailbreak_detection.xcframework in Frameworks */ = {isa = PBXBuildFile; fileRef = 3072F8652CCA26DD00D4600D /* flutter_jailbreak_detection.xcframework */; };
		3072F8A02CCA270000D4600D /* flutter_jailbreak_detection.xcframework in Embed Frameworks */ = {isa = PBXBuildFile; fileRef = 3072F8652CCA26DD00D4600D /* flutter_jailbreak_detection.xcframework */; settings = {ATTRIBUTES = (CodeSignOnCopy, RemoveHeadersOnCopy, ); }; };
		3072F8A12CCA270000D4600D /* flutter_keyboard_visibility.xcframework in Frameworks */ = {isa = PBXBuildFile; fileRef = 3072F8662CCA26DD00D4600D /* flutter_keyboard_visibility.xcframework */; };
		3072F8A22CCA270000D4600D /* flutter_keyboard_visibility.xcframework in Embed Frameworks */ = {isa = PBXBuildFile; fileRef = 3072F8662CCA26DD00D4600D /* flutter_keyboard_visibility.xcframework */; settings = {ATTRIBUTES = (CodeSignOnCopy, RemoveHeadersOnCopy, ); }; };
		3072F8A32CCA270000D4600D /* flutter_secure_storage.xcframework in Frameworks */ = {isa = PBXBuildFile; fileRef = 3072F8612CCA26DD00D4600D /* flutter_secure_storage.xcframework */; };
		3072F8A42CCA270000D4600D /* flutter_secure_storage.xcframework in Embed Frameworks */ = {isa = PBXBuildFile; fileRef = 3072F8612CCA26DD00D4600D /* flutter_secure_storage.xcframework */; settings = {ATTRIBUTES = (CodeSignOnCopy, RemoveHeadersOnCopy, ); }; };
		3072F8A52CCA270000D4600D /* Flutter.xcframework in Frameworks */ = {isa = PBXBuildFile; fileRef = 3072F8712CCA26DD00D4600D /* Flutter.xcframework */; };
		3072F8A62CCA270000D4600D /* Flutter.xcframework in Embed Frameworks */ = {isa = PBXBuildFile; fileRef = 3072F8712CCA26DD00D4600D /* Flutter.xcframework */; settings = {ATTRIBUTES = (CodeSignOnCopy, RemoveHeadersOnCopy, ); }; };
		3072F8A72CCA270000D4600D /* FlutterPluginRegistrant.xcframework in Frameworks */ = {isa = PBXBuildFile; fileRef = 3072F86A2CCA26DD00D4600D /* FlutterPluginRegistrant.xcframework */; };
		3072F8A92CCA270000D4600D /* ICSdkEKYC.xcframework in Frameworks */ = {isa = PBXBuildFile; fileRef = 3072F85E2CCA26DD00D4600D /* ICSdkEKYC.xcframework */; };
		3072F8AA2CCA270000D4600D /* ICSdkEKYC.xcframework in Embed Frameworks */ = {isa = PBXBuildFile; fileRef = 3072F85E2CCA26DD00D4600D /* ICSdkEKYC.xcframework */; settings = {ATTRIBUTES = (CodeSignOnCopy, RemoveHeadersOnCopy, ); }; };
		3072F8AB2CCA270000D4600D /* IOSSecuritySuite.xcframework in Frameworks */ = {isa = PBXBuildFile; fileRef = 3072F86E2CCA26DD00D4600D /* IOSSecuritySuite.xcframework */; };
		3072F8AC2CCA270000D4600D /* IOSSecuritySuite.xcframework in Embed Frameworks */ = {isa = PBXBuildFile; fileRef = 3072F86E2CCA26DD00D4600D /* IOSSecuritySuite.xcframework */; settings = {ATTRIBUTES = (CodeSignOnCopy, RemoveHeadersOnCopy, ); }; };
		3072F8AD2CCA270000D4600D /* JWTDecode.framework in Frameworks */ = {isa = PBXBuildFile; fileRef = 3072F85C2CCA26DD00D4600D /* JWTDecode.framework */; };
		3072F8AE2CCA270100D4600D /* JWTDecode.framework in Embed Frameworks */ = {isa = PBXBuildFile; fileRef = 3072F85C2CCA26DD00D4600D /* JWTDecode.framework */; settings = {ATTRIBUTES = (CodeSignOnCopy, RemoveHeadersOnCopy, ); }; };
		3072F8AF2CCA270100D4600D /* local_auth_ios.xcframework in Frameworks */ = {isa = PBXBuildFile; fileRef = 3072F8642CCA26DD00D4600D /* local_auth_ios.xcframework */; };
		3072F8B02CCA270100D4600D /* local_auth_ios.xcframework in Embed Frameworks */ = {isa = PBXBuildFile; fileRef = 3072F8642CCA26DD00D4600D /* local_auth_ios.xcframework */; settings = {ATTRIBUTES = (CodeSignOnCopy, RemoveHeadersOnCopy, ); }; };
		3072F8B12CCA270100D4600D /* Moya.framework in Frameworks */ = {isa = PBXBuildFile; fileRef = 3072F8572CCA26DD00D4600D /* Moya.framework */; };
		3072F8B22CCA270100D4600D /* Moya.framework in Embed Frameworks */ = {isa = PBXBuildFile; fileRef = 3072F8572CCA26DD00D4600D /* Moya.framework */; settings = {ATTRIBUTES = (CodeSignOnCopy, RemoveHeadersOnCopy, ); }; };
		3072F8B32CCA270100D4600D /* NVActivityIndicatorView.framework in Frameworks */ = {isa = PBXBuildFile; fileRef = 3072F8542CCA26DD00D4600D /* NVActivityIndicatorView.framework */; };
		3072F8B42CCA270100D4600D /* NVActivityIndicatorView.framework in Embed Frameworks */ = {isa = PBXBuildFile; fileRef = 3072F8542CCA26DD00D4600D /* NVActivityIndicatorView.framework */; settings = {ATTRIBUTES = (CodeSignOnCopy, RemoveHeadersOnCopy, ); }; };
		3072F8B52CCA270100D4600D /* ObjectMapper.framework in Frameworks */ = {isa = PBXBuildFile; fileRef = 3072F85A2CCA26DD00D4600D /* ObjectMapper.framework */; };
		3072F8B62CCA270100D4600D /* ObjectMapper.framework in Embed Frameworks */ = {isa = PBXBuildFile; fileRef = 3072F85A2CCA26DD00D4600D /* ObjectMapper.framework */; settings = {ATTRIBUTES = (CodeSignOnCopy, RemoveHeadersOnCopy, ); }; };
		3072F8B72CCA270100D4600D /* package_info_plus.xcframework in Frameworks */ = {isa = PBXBuildFile; fileRef = 3072F8692CCA26DD00D4600D /* package_info_plus.xcframework */; };
		3072F8B82CCA270100D4600D /* package_info_plus.xcframework in Embed Frameworks */ = {isa = PBXBuildFile; fileRef = 3072F8692CCA26DD00D4600D /* package_info_plus.xcframework */; settings = {ATTRIBUTES = (CodeSignOnCopy, RemoveHeadersOnCopy, ); }; };
		3072F8B92CCA270100D4600D /* path_provider_foundation.xcframework in Frameworks */ = {isa = PBXBuildFile; fileRef = 3072F86B2CCA26DD00D4600D /* path_provider_foundation.xcframework */; };
		3072F8BA2CCA270100D4600D /* path_provider_foundation.xcframework in Embed Frameworks */ = {isa = PBXBuildFile; fileRef = 3072F86B2CCA26DD00D4600D /* path_provider_foundation.xcframework */; settings = {ATTRIBUTES = (CodeSignOnCopy, RemoveHeadersOnCopy, ); }; };
		3072F8BB2CCA270100D4600D /* permission_handler_apple.xcframework in Frameworks */ = {isa = PBXBuildFile; fileRef = 3072F86F2CCA26DD00D4600D /* permission_handler_apple.xcframework */; };
		3072F8BD2CCA270100D4600D /* RxAlamofire.framework in Frameworks */ = {isa = PBXBuildFile; fileRef = 3072F8532CCA26DD00D4600D /* RxAlamofire.framework */; };
		3072F8BE2CCA270100D4600D /* RxAlamofire.framework in Embed Frameworks */ = {isa = PBXBuildFile; fileRef = 3072F8532CCA26DD00D4600D /* RxAlamofire.framework */; settings = {ATTRIBUTES = (CodeSignOnCopy, RemoveHeadersOnCopy, ); }; };
		3072F8BF2CCA270200D4600D /* RxCocoa.framework in Frameworks */ = {isa = PBXBuildFile; fileRef = 3072F85B2CCA26DD00D4600D /* RxCocoa.framework */; };
		3072F8C02CCA270200D4600D /* RxCocoa.framework in Embed Frameworks */ = {isa = PBXBuildFile; fileRef = 3072F85B2CCA26DD00D4600D /* RxCocoa.framework */; settings = {ATTRIBUTES = (CodeSignOnCopy, RemoveHeadersOnCopy, ); }; };
		3072F8C12CCA270200D4600D /* RxRelay.framework in Frameworks */ = {isa = PBXBuildFile; fileRef = 3072F8582CCA26DD00D4600D /* RxRelay.framework */; };
		3072F8C22CCA270200D4600D /* RxRelay.framework in Embed Frameworks */ = {isa = PBXBuildFile; fileRef = 3072F8582CCA26DD00D4600D /* RxRelay.framework */; settings = {ATTRIBUTES = (CodeSignOnCopy, RemoveHeadersOnCopy, ); }; };
		3072F8C32CCA270200D4600D /* RxSwift.framework in Frameworks */ = {isa = PBXBuildFile; fileRef = 3072F85D2CCA26DD00D4600D /* RxSwift.framework */; };
		3072F8C42CCA270200D4600D /* RxSwift.framework in Embed Frameworks */ = {isa = PBXBuildFile; fileRef = 3072F85D2CCA26DD00D4600D /* RxSwift.framework */; settings = {ATTRIBUTES = (CodeSignOnCopy, RemoveHeadersOnCopy, ); }; };
		3072F8C52CCA270200D4600D /* share_plus.xcframework in Frameworks */ = {isa = PBXBuildFile; fileRef = 3072F8682CCA26DD00D4600D /* share_plus.xcframework */; };
		3072F8C62CCA270200D4600D /* share_plus.xcframework in Embed Frameworks */ = {isa = PBXBuildFile; fileRef = 3072F8682CCA26DD00D4600D /* share_plus.xcframework */; settings = {ATTRIBUTES = (CodeSignOnCopy, RemoveHeadersOnCopy, ); }; };
		3072F8C72CCA270200D4600D /* SignaturePad.framework in Frameworks */ = {isa = PBXBuildFile; fileRef = 3072F8552CCA26DD00D4600D /* SignaturePad.framework */; };
		3072F8C82CCA270200D4600D /* SignaturePad.framework in Embed Frameworks */ = {isa = PBXBuildFile; fileRef = 3072F8552CCA26DD00D4600D /* SignaturePad.framework */; settings = {ATTRIBUTES = (CodeSignOnCopy, RemoveHeadersOnCopy, ); }; };
		3072F8C92CCA270200D4600D /* syncfusion_flutter_pdfviewer.xcframework in Frameworks */ = {isa = PBXBuildFile; fileRef = 3072F8632CCA26DD00D4600D /* syncfusion_flutter_pdfviewer.xcframework */; };
		3072F8CA2CCA270200D4600D /* syncfusion_flutter_pdfviewer.xcframework in Embed Frameworks */ = {isa = PBXBuildFile; fileRef = 3072F8632CCA26DD00D4600D /* syncfusion_flutter_pdfviewer.xcframework */; settings = {ATTRIBUTES = (CodeSignOnCopy, RemoveHeadersOnCopy, ); }; };
		3072F8CB2CCA270200D4600D /* url_launcher_ios.xcframework in Frameworks */ = {isa = PBXBuildFile; fileRef = 3072F8702CCA26DD00D4600D /* url_launcher_ios.xcframework */; };
		3072F8CC2CCA270200D4600D /* url_launcher_ios.xcframework in Embed Frameworks */ = {isa = PBXBuildFile; fileRef = 3072F8702CCA26DD00D4600D /* url_launcher_ios.xcframework */; settings = {ATTRIBUTES = (CodeSignOnCopy, RemoveHeadersOnCopy, ); }; };
		3072F8CD2CCA270200D4600D /* webview_flutter_wkwebview.xcframework in Frameworks */ = {isa = PBXBuildFile; fileRef = 3072F8672CCA26DD00D4600D /* webview_flutter_wkwebview.xcframework */; };
		3072F8CE2CCA270200D4600D /* webview_flutter_wkwebview.xcframework in Embed Frameworks */ = {isa = PBXBuildFile; fileRef = 3072F8672CCA26DD00D4600D /* webview_flutter_wkwebview.xcframework */; settings = {ATTRIBUTES = (CodeSignOnCopy, RemoveHeadersOnCopy, ); }; };
		3072F8D12CCA291A00D4600D /* SmartCASDK.framework in Frameworks */ = {isa = PBXBuildFile; fileRef = 3072F8CF2CCA291000D4600D /* SmartCASDK.framework */; };
		3072F8D22CCA291A00D4600D /* SmartCASDK.framework in Embed Frameworks */ = {isa = PBXBuildFile; fileRef = 3072F8CF2CCA291000D4600D /* SmartCASDK.framework */; settings = {ATTRIBUTES = (CodeSignOnCopy, RemoveHeadersOnCopy, ); }; };
/* End PBXBuildFile section */

/* Begin PBXCopyFilesBuildPhase section */
		010C69112CAA8EF9003164F4 /* Embed Frameworks */ = {
			isa = PBXCopyFilesBuildPhase;
			buildActionMask = 2147483647;
			dstPath = "";
			dstSubfolderSpec = 10;
			files = (
				3072F8AC2CCA270000D4600D /* IOSSecuritySuite.xcframework in Embed Frameworks */,
				3072F8C62CCA270200D4600D /* share_plus.xcframework in Embed Frameworks */,
				3072F8BE2CCA270100D4600D /* RxAlamofire.framework in Embed Frameworks */,
				3072F8922CCA26FF00D4600D /* Alamofire.framework in Embed Frameworks */,
				3072F8B42CCA270100D4600D /* NVActivityIndicatorView.framework in Embed Frameworks */,
				3072F8A62CCA270000D4600D /* Flutter.xcframework in Embed Frameworks */,
				3072F89C2CCA26FF00D4600D /* eContractSDK.framework in Embed Frameworks */,
				3072F8C42CCA270200D4600D /* RxSwift.framework in Embed Frameworks */,
				3072F8CE2CCA270200D4600D /* webview_flutter_wkwebview.xcframework in Embed Frameworks */,
				3072F89E2CCA270000D4600D /* eKYCLib.xcframework in Embed Frameworks */,
				3072F8CC2CCA270200D4600D /* url_launcher_ios.xcframework in Embed Frameworks */,
				3072F8982CCA26FF00D4600D /* device_info_plus.xcframework in Embed Frameworks */,
				3072F8962CCA26FF00D4600D /* connectivity_plus.xcframework in Embed Frameworks */,
				3072F8B02CCA270100D4600D /* local_auth_ios.xcframework in Embed Frameworks */,
				3072F8A42CCA270000D4600D /* flutter_secure_storage.xcframework in Embed Frameworks */,
				3072F8C82CCA270200D4600D /* SignaturePad.framework in Embed Frameworks */,
				3072F89A2CCA26FF00D4600D /* device_info.xcframework in Embed Frameworks */,
				3072F8C02CCA270200D4600D /* RxCocoa.framework in Embed Frameworks */,
				3072F8AA2CCA270000D4600D /* ICSdkEKYC.xcframework in Embed Frameworks */,
				3072F8C22CCA270200D4600D /* RxRelay.framework in Embed Frameworks */,
				3072F8A22CCA270000D4600D /* flutter_keyboard_visibility.xcframework in Embed Frameworks */,
				3072F8BA2CCA270100D4600D /* path_provider_foundation.xcframework in Embed Frameworks */,
				3072F8B62CCA270100D4600D /* ObjectMapper.framework in Embed Frameworks */,
				3072F8B82CCA270100D4600D /* package_info_plus.xcframework in Embed Frameworks */,
				3072F8B22CCA270100D4600D /* Moya.framework in Embed Frameworks */,
				3072F8A02CCA270000D4600D /* flutter_jailbreak_detection.xcframework in Embed Frameworks */,
				3072F8AE2CCA270100D4600D /* JWTDecode.framework in Embed Frameworks */,
				3072F8CA2CCA270200D4600D /* syncfusion_flutter_pdfviewer.xcframework in Embed Frameworks */,
				3072F8942CCA26FF00D4600D /* App.xcframework in Embed Frameworks */,
				3072F8D22CCA291A00D4600D /* SmartCASDK.framework in Embed Frameworks */,
			);
			name = "Embed Frameworks";
			runOnlyForDeploymentPostprocessing = 0;
		};
/* End PBXCopyFilesBuildPhase section */

/* Begin PBXFileReference section */
		015003312B2078CF002857A1 /* DemoSdkSmartCA.app */ = {isa = PBXFileReference; explicitFileType = wrapper.application; includeInIndex = 0; path = DemoSdkSmartCA.app; sourceTree = BUILT_PRODUCTS_DIR; };
		015003342B2078CF002857A1 /* AppDelegate.swift */ = {isa = PBXFileReference; lastKnownFileType = sourcecode.swift; path = AppDelegate.swift; sourceTree = "<group>"; };
		015003362B2078CF002857A1 /* SceneDelegate.swift */ = {isa = PBXFileReference; lastKnownFileType = sourcecode.swift; path = SceneDelegate.swift; sourceTree = "<group>"; };
		015003382B2078CF002857A1 /* ViewController.swift */ = {isa = PBXFileReference; lastKnownFileType = sourcecode.swift; path = ViewController.swift; sourceTree = "<group>"; };
		0150033B2B2078CF002857A1 /* Base */ = {isa = PBXFileReference; lastKnownFileType = file.storyboard; name = Base; path = Base.lproj/Main.storyboard; sourceTree = "<group>"; };
		0150033D2B2078D0002857A1 /* Assets.xcassets */ = {isa = PBXFileReference; lastKnownFileType = folder.assetcatalog; path = Assets.xcassets; sourceTree = "<group>"; };
		015003402B2078D0002857A1 /* Base */ = {isa = PBXFileReference; lastKnownFileType = file.storyboard; name = Base; path = Base.lproj/LaunchScreen.storyboard; sourceTree = "<group>"; };
		015003422B2078D0002857A1 /* Info.plist */ = {isa = PBXFileReference; lastKnownFileType = text.plist.xml; path = Info.plist; sourceTree = "<group>"; };
		3072F8522CCA26DD00D4600D /* eKYCLib.xcframework */ = {isa = PBXFileReference; lastKnownFileType = wrapper.xcframework; path = eKYCLib.xcframework; sourceTree = "<group>"; };
		3072F8532CCA26DD00D4600D /* RxAlamofire.framework */ = {isa = PBXFileReference; lastKnownFileType = wrapper.framework; path = RxAlamofire.framework; sourceTree = "<group>"; };
		3072F8542CCA26DD00D4600D /* NVActivityIndicatorView.framework */ = {isa = PBXFileReference; lastKnownFileType = wrapper.framework; path = NVActivityIndicatorView.framework; sourceTree = "<group>"; };
		3072F8552CCA26DD00D4600D /* SignaturePad.framework */ = {isa = PBXFileReference; lastKnownFileType = wrapper.framework; path = SignaturePad.framework; sourceTree = "<group>"; };
		3072F8562CCA26DD00D4600D /* eContractSDK.framework */ = {isa = PBXFileReference; lastKnownFileType = wrapper.framework; path = eContractSDK.framework; sourceTree = "<group>"; };
		3072F8572CCA26DD00D4600D /* Moya.framework */ = {isa = PBXFileReference; lastKnownFileType = wrapper.framework; path = Moya.framework; sourceTree = "<group>"; };
		3072F8582CCA26DD00D4600D /* RxRelay.framework */ = {isa = PBXFileReference; lastKnownFileType = wrapper.framework; path = RxRelay.framework; sourceTree = "<group>"; };
		3072F8592CCA26DD00D4600D /* Alamofire.framework */ = {isa = PBXFileReference; lastKnownFileType = wrapper.framework; path = Alamofire.framework; sourceTree = "<group>"; };
		3072F85A2CCA26DD00D4600D /* ObjectMapper.framework */ = {isa = PBXFileReference; lastKnownFileType = wrapper.framework; path = ObjectMapper.framework; sourceTree = "<group>"; };
		3072F85B2CCA26DD00D4600D /* RxCocoa.framework */ = {isa = PBXFileReference; lastKnownFileType = wrapper.framework; path = RxCocoa.framework; sourceTree = "<group>"; };
		3072F85C2CCA26DD00D4600D /* JWTDecode.framework */ = {isa = PBXFileReference; lastKnownFileType = wrapper.framework; path = JWTDecode.framework; sourceTree = "<group>"; };
		3072F85D2CCA26DD00D4600D /* RxSwift.framework */ = {isa = PBXFileReference; lastKnownFileType = wrapper.framework; path = RxSwift.framework; sourceTree = "<group>"; };
		3072F85E2CCA26DD00D4600D /* ICSdkEKYC.xcframework */ = {isa = PBXFileReference; lastKnownFileType = wrapper.xcframework; path = ICSdkEKYC.xcframework; sourceTree = "<group>"; };
		3072F8602CCA26DD00D4600D /* App.xcframework */ = {isa = PBXFileReference; lastKnownFileType = wrapper.xcframework; path = App.xcframework; sourceTree = "<group>"; };
		3072F8612CCA26DD00D4600D /* flutter_secure_storage.xcframework */ = {isa = PBXFileReference; lastKnownFileType = wrapper.xcframework; path = flutter_secure_storage.xcframework; sourceTree = "<group>"; };
		3072F8622CCA26DD00D4600D /* device_info.xcframework */ = {isa = PBXFileReference; lastKnownFileType = wrapper.xcframework; path = device_info.xcframework; sourceTree = "<group>"; };
		3072F8632CCA26DD00D4600D /* syncfusion_flutter_pdfviewer.xcframework */ = {isa = PBXFileReference; lastKnownFileType = wrapper.xcframework; path = syncfusion_flutter_pdfviewer.xcframework; sourceTree = "<group>"; };
		3072F8642CCA26DD00D4600D /* local_auth_ios.xcframework */ = {isa = PBXFileReference; lastKnownFileType = wrapper.xcframework; path = local_auth_ios.xcframework; sourceTree = "<group>"; };
		3072F8652CCA26DD00D4600D /* flutter_jailbreak_detection.xcframework */ = {isa = PBXFileReference; lastKnownFileType = wrapper.xcframework; path = flutter_jailbreak_detection.xcframework; sourceTree = "<group>"; };
		3072F8662CCA26DD00D4600D /* flutter_keyboard_visibility.xcframework */ = {isa = PBXFileReference; lastKnownFileType = wrapper.xcframework; path = flutter_keyboard_visibility.xcframework; sourceTree = "<group>"; };
		3072F8672CCA26DD00D4600D /* webview_flutter_wkwebview.xcframework */ = {isa = PBXFileReference; lastKnownFileType = wrapper.xcframework; path = webview_flutter_wkwebview.xcframework; sourceTree = "<group>"; };
		3072F8682CCA26DD00D4600D /* share_plus.xcframework */ = {isa = PBXFileReference; lastKnownFileType = wrapper.xcframework; path = share_plus.xcframework; sourceTree = "<group>"; };
		3072F8692CCA26DD00D4600D /* package_info_plus.xcframework */ = {isa = PBXFileReference; lastKnownFileType = wrapper.xcframework; path = package_info_plus.xcframework; sourceTree = "<group>"; };
		3072F86A2CCA26DD00D4600D /* FlutterPluginRegistrant.xcframework */ = {isa = PBXFileReference; lastKnownFileType = wrapper.xcframework; path = FlutterPluginRegistrant.xcframework; sourceTree = "<group>"; };
		3072F86B2CCA26DD00D4600D /* path_provider_foundation.xcframework */ = {isa = PBXFileReference; lastKnownFileType = wrapper.xcframework; path = path_provider_foundation.xcframework; sourceTree = "<group>"; };
		3072F86C2CCA26DD00D4600D /* device_info_plus.xcframework */ = {isa = PBXFileReference; lastKnownFileType = wrapper.xcframework; path = device_info_plus.xcframework; sourceTree = "<group>"; };
		3072F86D2CCA26DD00D4600D /* connectivity_plus.xcframework */ = {isa = PBXFileReference; lastKnownFileType = wrapper.xcframework; path = connectivity_plus.xcframework; sourceTree = "<group>"; };
		3072F86E2CCA26DD00D4600D /* IOSSecuritySuite.xcframework */ = {isa = PBXFileReference; lastKnownFileType = wrapper.xcframework; path = IOSSecuritySuite.xcframework; sourceTree = "<group>"; };
		3072F86F2CCA26DD00D4600D /* permission_handler_apple.xcframework */ = {isa = PBXFileReference; lastKnownFileType = wrapper.xcframework; path = permission_handler_apple.xcframework; sourceTree = "<group>"; };
		3072F8702CCA26DD00D4600D /* url_launcher_ios.xcframework */ = {isa = PBXFileReference; lastKnownFileType = wrapper.xcframework; path = url_launcher_ios.xcframework; sourceTree = "<group>"; };
		3072F8712CCA26DD00D4600D /* Flutter.xcframework */ = {isa = PBXFileReference; expectedSignature = "AppleDeveloperProgram:S8QB4VV633:FLUTTER.IO LLC"; lastKnownFileType = wrapper.xcframework; path = Flutter.xcframework; sourceTree = "<group>"; };
		3072F8CF2CCA291000D4600D /* SmartCASDK.framework */ = {isa = PBXFileReference; lastKnownFileType = wrapper.framework; path = SmartCASDK.framework; sourceTree = "<group>"; };
/* End PBXFileReference section */

/* Begin PBXFrameworksBuildPhase section */
		0150032E2B2078CF002857A1 /* Frameworks */ = {
			isa = PBXFrameworksBuildPhase;
			buildActionMask = 2147483647;
			files = (
				3072F8A72CCA270000D4600D /* FlutterPluginRegistrant.xcframework in Frameworks */,
				3072F8C52CCA270200D4600D /* share_plus.xcframework in Frameworks */,
				3072F8932CCA26FF00D4600D /* App.xcframework in Frameworks */,
				3072F8972CCA26FF00D4600D /* device_info_plus.xcframework in Frameworks */,
				3072F8BD2CCA270100D4600D /* RxAlamofire.framework in Frameworks */,
				3072F8C92CCA270200D4600D /* syncfusion_flutter_pdfviewer.xcframework in Frameworks */,
				3072F8C72CCA270200D4600D /* SignaturePad.framework in Frameworks */,
				3072F8A32CCA270000D4600D /* flutter_secure_storage.xcframework in Frameworks */,
				3072F8CD2CCA270200D4600D /* webview_flutter_wkwebview.xcframework in Frameworks */,
				3072F89B2CCA26FF00D4600D /* eContractSDK.framework in Frameworks */,
				3072F8B72CCA270100D4600D /* package_info_plus.xcframework in Frameworks */,
				3072F8AF2CCA270100D4600D /* local_auth_ios.xcframework in Frameworks */,
				3072F8BF2CCA270200D4600D /* RxCocoa.framework in Frameworks */,
				3072F8AD2CCA270000D4600D /* JWTDecode.framework in Frameworks */,
				3072F8B92CCA270100D4600D /* path_provider_foundation.xcframework in Frameworks */,
				3072F8AB2CCA270000D4600D /* IOSSecuritySuite.xcframework in Frameworks */,
				3072F89F2CCA270000D4600D /* flutter_jailbreak_detection.xcframework in Frameworks */,
				3072F8992CCA26FF00D4600D /* device_info.xcframework in Frameworks */,
				3072F8A12CCA270000D4600D /* flutter_keyboard_visibility.xcframework in Frameworks */,
				3072F8B32CCA270100D4600D /* NVActivityIndicatorView.framework in Frameworks */,
				3072F8A52CCA270000D4600D /* Flutter.xcframework in Frameworks */,
				3072F8B52CCA270100D4600D /* ObjectMapper.framework in Frameworks */,
				3072F8CB2CCA270200D4600D /* url_launcher_ios.xcframework in Frameworks */,
				3072F8C32CCA270200D4600D /* RxSwift.framework in Frameworks */,
				3072F8A92CCA270000D4600D /* ICSdkEKYC.xcframework in Frameworks */,
				3072F89D2CCA270000D4600D /* eKYCLib.xcframework in Frameworks */,
				3072F8912CCA26FF00D4600D /* Alamofire.framework in Frameworks */,
				3072F8BB2CCA270100D4600D /* permission_handler_apple.xcframework in Frameworks */,
				3072F8C12CCA270200D4600D /* RxRelay.framework in Frameworks */,
				3072F8D12CCA291A00D4600D /* SmartCASDK.framework in Frameworks */,
				3072F8B12CCA270100D4600D /* Moya.framework in Frameworks */,
				3072F8952CCA26FF00D4600D /* connectivity_plus.xcframework in Frameworks */,
			);
			runOnlyForDeploymentPostprocessing = 0;
		};
/* End PBXFrameworksBuildPhase section */

/* Begin PBXGroup section */
		015003282B2078CF002857A1 = {
			isa = PBXGroup;
			children = (
				015003332B2078CF002857A1 /* DemoSdkSmartCA */,
				015003322B2078CF002857A1 /* Products */,
				F0105C142C12A6CA00465835 /* Frameworks */,
			);
			sourceTree = "<group>";
		};
		015003322B2078CF002857A1 /* Products */ = {
			isa = PBXGroup;
			children = (
				015003312B2078CF002857A1 /* DemoSdkSmartCA.app */,
			);
			name = Products;
			sourceTree = "<group>";
		};
		015003332B2078CF002857A1 /* DemoSdkSmartCA */ = {
			isa = PBXGroup;
			children = (
				3072F8502CCA26DD00D4600D /* SDK_iOS */,
				015003342B2078CF002857A1 /* AppDelegate.swift */,
				015003362B2078CF002857A1 /* SceneDelegate.swift */,
				015003382B2078CF002857A1 /* ViewController.swift */,
				0150033A2B2078CF002857A1 /* Main.storyboard */,
				0150033D2B2078D0002857A1 /* Assets.xcassets */,
				0150033F2B2078D0002857A1 /* LaunchScreen.storyboard */,
				015003422B2078D0002857A1 /* Info.plist */,
			);
			path = DemoSdkSmartCA;
			sourceTree = "<group>";
		};
		3072F8502CCA26DD00D4600D /* SDK_iOS */ = {
			isa = PBXGroup;
			children = (
				3072F8CF2CCA291000D4600D /* SmartCASDK.framework */,
				3072F8512CCA26DD00D4600D /* eContract-eKYC */,
				3072F85F2CCA26DD00D4600D /* Flutter */,
			);
			path = SDK_iOS;
			sourceTree = "<group>";
		};
		3072F8512CCA26DD00D4600D /* eContract-eKYC */ = {
			isa = PBXGroup;
			children = (
				3072F8522CCA26DD00D4600D /* eKYCLib.xcframework */,
				3072F8532CCA26DD00D4600D /* RxAlamofire.framework */,
				3072F8542CCA26DD00D4600D /* NVActivityIndicatorView.framework */,
				3072F8552CCA26DD00D4600D /* SignaturePad.framework */,
				3072F8562CCA26DD00D4600D /* eContractSDK.framework */,
				3072F8572CCA26DD00D4600D /* Moya.framework */,
				3072F8582CCA26DD00D4600D /* RxRelay.framework */,
				3072F8592CCA26DD00D4600D /* Alamofire.framework */,
				3072F85A2CCA26DD00D4600D /* ObjectMapper.framework */,
				3072F85B2CCA26DD00D4600D /* RxCocoa.framework */,
				3072F85C2CCA26DD00D4600D /* JWTDecode.framework */,
				3072F85D2CCA26DD00D4600D /* RxSwift.framework */,
				3072F85E2CCA26DD00D4600D /* ICSdkEKYC.xcframework */,
			);
			path = "eContract-eKYC";
			sourceTree = "<group>";
		};
		3072F85F2CCA26DD00D4600D /* Flutter */ = {
			isa = PBXGroup;
			children = (
				3072F8602CCA26DD00D4600D /* App.xcframework */,
				3072F8612CCA26DD00D4600D /* flutter_secure_storage.xcframework */,
				3072F8622CCA26DD00D4600D /* device_info.xcframework */,
				3072F8632CCA26DD00D4600D /* syncfusion_flutter_pdfviewer.xcframework */,
				3072F8642CCA26DD00D4600D /* local_auth_ios.xcframework */,
				3072F8652CCA26DD00D4600D /* flutter_jailbreak_detection.xcframework */,
				3072F8662CCA26DD00D4600D /* flutter_keyboard_visibility.xcframework */,
				3072F8672CCA26DD00D4600D /* webview_flutter_wkwebview.xcframework */,
				3072F8682CCA26DD00D4600D /* share_plus.xcframework */,
				3072F8692CCA26DD00D4600D /* package_info_plus.xcframework */,
				3072F86A2CCA26DD00D4600D /* FlutterPluginRegistrant.xcframework */,
				3072F86B2CCA26DD00D4600D /* path_provider_foundation.xcframework */,
				3072F86C2CCA26DD00D4600D /* device_info_plus.xcframework */,
				3072F86D2CCA26DD00D4600D /* connectivity_plus.xcframework */,
				3072F86E2CCA26DD00D4600D /* IOSSecuritySuite.xcframework */,
				3072F86F2CCA26DD00D4600D /* permission_handler_apple.xcframework */,
				3072F8702CCA26DD00D4600D /* url_launcher_ios.xcframework */,
				3072F8712CCA26DD00D4600D /* Flutter.xcframework */,
			);
			path = Flutter;
			sourceTree = "<group>";
		};
		F0105C142C12A6CA00465835 /* Frameworks */ = {
			isa = PBXGroup;
			children = (
			);
			name = Frameworks;
			sourceTree = "<group>";
		};
/* End PBXGroup section */

/* Begin PBXNativeTarget section */
		015003302B2078CF002857A1 /* DemoSdkSmartCA */ = {
			isa = PBXNativeTarget;
			buildConfigurationList = 015003452B2078D0002857A1 /* Build configuration list for PBXNativeTarget "DemoSdkSmartCA" */;
			buildPhases = (
				0150032D2B2078CF002857A1 /* Sources */,
				0150032E2B2078CF002857A1 /* Frameworks */,
				0150032F2B2078CF002857A1 /* Resources */,
				010C69112CAA8EF9003164F4 /* Embed Frameworks */,
			);
			buildRules = (
			);
			dependencies = (
			);
			name = DemoSdkSmartCA;
			productName = DemoSdkSmartCA;
			productReference = 015003312B2078CF002857A1 /* DemoSdkSmartCA.app */;
			productType = "com.apple.product-type.application";
		};
/* End PBXNativeTarget section */

/* Begin PBXProject section */
		015003292B2078CF002857A1 /* Project object */ = {
			isa = PBXProject;
			attributes = {
				BuildIndependentTargetsInParallel = 1;
				LastSwiftUpdateCheck = 1420;
				LastUpgradeCheck = 1420;
				TargetAttributes = {
					015003302B2078CF002857A1 = {
						CreatedOnToolsVersion = 14.2;
					};
				};
			};
			buildConfigurationList = 0150032C2B2078CF002857A1 /* Build configuration list for PBXProject "DemoSdkSmartCA" */;
			compatibilityVersion = "Xcode 14.0";
			developmentRegion = en;
			hasScannedForEncodings = 0;
			knownRegions = (
				en,
				Base,
			);
			mainGroup = 015003282B2078CF002857A1;
			productRefGroup = 015003322B2078CF002857A1 /* Products */;
			projectDirPath = "";
			projectRoot = "";
			targets = (
				015003302B2078CF002857A1 /* DemoSdkSmartCA */,
			);
		};
/* End PBXProject section */

/* Begin PBXResourcesBuildPhase section */
		0150032F2B2078CF002857A1 /* Resources */ = {
			isa = PBXResourcesBuildPhase;
			buildActionMask = 2147483647;
			files = (
				015003412B2078D0002857A1 /* LaunchScreen.storyboard in Resources */,
				0150033E2B2078D0002857A1 /* Assets.xcassets in Resources */,
				0150033C2B2078CF002857A1 /* Main.storyboard in Resources */,
			);
			runOnlyForDeploymentPostprocessing = 0;
		};
/* End PBXResourcesBuildPhase section */

/* Begin PBXSourcesBuildPhase section */
		0150032D2B2078CF002857A1 /* Sources */ = {
			isa = PBXSourcesBuildPhase;
			buildActionMask = 2147483647;
			files = (
				015003392B2078CF002857A1 /* ViewController.swift in Sources */,
				015003352B2078CF002857A1 /* AppDelegate.swift in Sources */,
				015003372B2078CF002857A1 /* SceneDelegate.swift in Sources */,
			);
			runOnlyForDeploymentPostprocessing = 0;
		};
/* End PBXSourcesBuildPhase section */

/* Begin PBXVariantGroup section */
		0150033A2B2078CF002857A1 /* Main.storyboard */ = {
			isa = PBXVariantGroup;
			children = (
				0150033B2B2078CF002857A1 /* Base */,
			);
			name = Main.storyboard;
			sourceTree = "<group>";
		};
		0150033F2B2078D0002857A1 /* LaunchScreen.storyboard */ = {
			isa = PBXVariantGroup;
			children = (
				015003402B2078D0002857A1 /* Base */,
			);
			name = LaunchScreen.storyboard;
			sourceTree = "<group>";
		};
/* End PBXVariantGroup section */

/* Begin XCBuildConfiguration section */
		015003432B2078D0002857A1 /* Debug */ = {
			isa = XCBuildConfiguration;
			buildSettings = {
				ALWAYS_SEARCH_USER_PATHS = NO;
				CLANG_ANALYZER_NONNULL = YES;
				CLANG_ANALYZER_NUMBER_OBJECT_CONVERSION = YES_AGGRESSIVE;
				CLANG_CXX_LANGUAGE_STANDARD = "gnu++20";
				CLANG_ENABLE_MODULES = YES;
				CLANG_ENABLE_OBJC_ARC = YES;
				CLANG_ENABLE_OBJC_WEAK = YES;
				CLANG_WARN_BLOCK_CAPTURE_AUTORELEASING = YES;
				CLANG_WARN_BOOL_CONVERSION = YES;
				CLANG_WARN_COMMA = YES;
				CLANG_WARN_CONSTANT_CONVERSION = YES;
				CLANG_WARN_DEPRECATED_OBJC_IMPLEMENTATIONS = YES;
				CLANG_WARN_DIRECT_OBJC_ISA_USAGE = YES_ERROR;
				CLANG_WARN_DOCUMENTATION_COMMENTS = YES;
				CLANG_WARN_EMPTY_BODY = YES;
				CLANG_WARN_ENUM_CONVERSION = YES;
				CLANG_WARN_INFINITE_RECURSION = YES;
				CLANG_WARN_INT_CONVERSION = YES;
				CLANG_WARN_NON_LITERAL_NULL_CONVERSION = YES;
				CLANG_WARN_OBJC_IMPLICIT_RETAIN_SELF = YES;
				CLANG_WARN_OBJC_LITERAL_CONVERSION = YES;
				CLANG_WARN_OBJC_ROOT_CLASS = YES_ERROR;
				CLANG_WARN_QUOTED_INCLUDE_IN_FRAMEWORK_HEADER = YES;
				CLANG_WARN_RANGE_LOOP_ANALYSIS = YES;
				CLANG_WARN_STRICT_PROTOTYPES = YES;
				CLANG_WARN_SUSPICIOUS_MOVE = YES;
				CLANG_WARN_UNGUARDED_AVAILABILITY = YES_AGGRESSIVE;
				CLANG_WARN_UNREACHABLE_CODE = YES;
				CLANG_WARN__DUPLICATE_METHOD_MATCH = YES;
				COPY_PHASE_STRIP = NO;
				DEBUG_INFORMATION_FORMAT = dwarf;
				ENABLE_STRICT_OBJC_MSGSEND = YES;
				ENABLE_TESTABILITY = YES;
				GCC_C_LANGUAGE_STANDARD = gnu11;
				GCC_DYNAMIC_NO_PIC = NO;
				GCC_NO_COMMON_BLOCKS = YES;
				GCC_OPTIMIZATION_LEVEL = 0;
				GCC_PREPROCESSOR_DEFINITIONS = (
					"DEBUG=1",
					"$(inherited)",
				);
				GCC_WARN_64_TO_32_BIT_CONVERSION = YES;
				GCC_WARN_ABOUT_RETURN_TYPE = YES_ERROR;
				GCC_WARN_UNDECLARED_SELECTOR = YES;
				GCC_WARN_UNINITIALIZED_AUTOS = YES_AGGRESSIVE;
				GCC_WARN_UNUSED_FUNCTION = YES;
				GCC_WARN_UNUSED_VARIABLE = YES;
				IPHONEOS_DEPLOYMENT_TARGET = 16.2;
				MTL_ENABLE_DEBUG_INFO = INCLUDE_SOURCE;
				MTL_FAST_MATH = YES;
				ONLY_ACTIVE_ARCH = YES;
				SDKROOT = iphoneos;
				SWIFT_ACTIVE_COMPILATION_CONDITIONS = DEBUG;
				SWIFT_OPTIMIZATION_LEVEL = "-Onone";
			};
			name = Debug;
		};
		015003442B2078D0002857A1 /* Release */ = {
			isa = XCBuildConfiguration;
			buildSettings = {
				ALWAYS_SEARCH_USER_PATHS = NO;
				CLANG_ANALYZER_NONNULL = YES;
				CLANG_ANALYZER_NUMBER_OBJECT_CONVERSION = YES_AGGRESSIVE;
				CLANG_CXX_LANGUAGE_STANDARD = "gnu++20";
				CLANG_ENABLE_MODULES = YES;
				CLANG_ENABLE_OBJC_ARC = YES;
				CLANG_ENABLE_OBJC_WEAK = YES;
				CLANG_WARN_BLOCK_CAPTURE_AUTORELEASING = YES;
				CLANG_WARN_BOOL_CONVERSION = YES;
				CLANG_WARN_COMMA = YES;
				CLANG_WARN_CONSTANT_CONVERSION = YES;
				CLANG_WARN_DEPRECATED_OBJC_IMPLEMENTATIONS = YES;
				CLANG_WARN_DIRECT_OBJC_ISA_USAGE = YES_ERROR;
				CLANG_WARN_DOCUMENTATION_COMMENTS = YES;
				CLANG_WARN_EMPTY_BODY = YES;
				CLANG_WARN_ENUM_CONVERSION = YES;
				CLANG_WARN_INFINITE_RECURSION = YES;
				CLANG_WARN_INT_CONVERSION = YES;
				CLANG_WARN_NON_LITERAL_NULL_CONVERSION = YES;
				CLANG_WARN_OBJC_IMPLICIT_RETAIN_SELF = YES;
				CLANG_WARN_OBJC_LITERAL_CONVERSION = YES;
				CLANG_WARN_OBJC_ROOT_CLASS = YES_ERROR;
				CLANG_WARN_QUOTED_INCLUDE_IN_FRAMEWORK_HEADER = YES;
				CLANG_WARN_RANGE_LOOP_ANALYSIS = YES;
				CLANG_WARN_STRICT_PROTOTYPES = YES;
				CLANG_WARN_SUSPICIOUS_MOVE = YES;
				CLANG_WARN_UNGUARDED_AVAILABILITY = YES_AGGRESSIVE;
				CLANG_WARN_UNREACHABLE_CODE = YES;
				CLANG_WARN__DUPLICATE_METHOD_MATCH = YES;
				COPY_PHASE_STRIP = NO;
				DEBUG_INFORMATION_FORMAT = "dwarf-with-dsym";
				ENABLE_NS_ASSERTIONS = NO;
				ENABLE_STRICT_OBJC_MSGSEND = YES;
				GCC_C_LANGUAGE_STANDARD = gnu11;
				GCC_NO_COMMON_BLOCKS = YES;
				GCC_WARN_64_TO_32_BIT_CONVERSION = YES;
				GCC_WARN_ABOUT_RETURN_TYPE = YES_ERROR;
				GCC_WARN_UNDECLARED_SELECTOR = YES;
				GCC_WARN_UNINITIALIZED_AUTOS = YES_AGGRESSIVE;
				GCC_WARN_UNUSED_FUNCTION = YES;
				GCC_WARN_UNUSED_VARIABLE = YES;
				IPHONEOS_DEPLOYMENT_TARGET = 16.2;
				MTL_ENABLE_DEBUG_INFO = NO;
				MTL_FAST_MATH = YES;
				SDKROOT = iphoneos;
				SWIFT_COMPILATION_MODE = wholemodule;
				SWIFT_OPTIMIZATION_LEVEL = "-O";
				VALIDATE_PRODUCT = YES;
			};
			name = Release;
		};
		015003462B2078D0002857A1 /* Debug */ = {
			isa = XCBuildConfiguration;
			buildSettings = {
				ASSETCATALOG_COMPILER_APPICON_NAME = AppIcon;
				ASSETCATALOG_COMPILER_GLOBAL_ACCENT_COLOR_NAME = AccentColor;
				CODE_SIGN_STYLE = Automatic;
				CURRENT_PROJECT_VERSION = 1;
				DEVELOPMENT_TEAM = 9AK576J4RE;
				FRAMEWORK_SEARCH_PATHS = (
					"$(inherited)",
					"$(PROJECT_DIR)/DemoSdkSmartCA/SdkSmartCA",
					"$(PROJECT_DIR)/DemoSdkSmartCA/SDK_iOS/eContract-eKYC",
					"$(PROJECT_DIR)/DemoSdkSmartCA/SDK_iOS",
				);
				GENERATE_INFOPLIST_FILE = YES;
				INFOPLIST_FILE = DemoSdkSmartCA/Info.plist;
				INFOPLIST_KEY_NSCameraUsageDescription = "Cấp quyền camera để sử dụng app";
				INFOPLIST_KEY_UIApplicationSupportsIndirectInputEvents = YES;
				INFOPLIST_KEY_UILaunchStoryboardName = LaunchScreen;
				INFOPLIST_KEY_UIMainStoryboardFile = Main;
				INFOPLIST_KEY_UISupportedInterfaceOrientations = "UIInterfaceOrientationLandscapeLeft UIInterfaceOrientationLandscapeRight UIInterfaceOrientationPortrait";
				INFOPLIST_KEY_UISupportedInterfaceOrientations_iPad = "UIInterfaceOrientationPortrait UIInterfaceOrientationPortraitUpsideDown";
				IPHONEOS_DEPLOYMENT_TARGET = 13.0;
				LD_RUNPATH_SEARCH_PATHS = (
					"$(inherited)",
					"@executable_path/Frameworks",
				);
				MARKETING_VERSION = 1.0;
				PRODUCT_BUNDLE_IDENTIFIER = com.vnpt.DemoSdkSmartCA;
				PRODUCT_NAME = "$(TARGET_NAME)";
				SUPPORTED_PLATFORMS = "iphoneos iphonesimulator";
				SUPPORTS_MACCATALYST = NO;
				SUPPORTS_MAC_DESIGNED_FOR_IPHONE_IPAD = NO;
				SUPPORTS_XR_DESIGNED_FOR_IPHONE_IPAD = NO;
				SWIFT_EMIT_LOC_STRINGS = YES;
				SWIFT_VERSION = 5.0;
				TARGETED_DEVICE_FAMILY = "1,2";
			};
			name = Debug;
		};
		015003472B2078D0002857A1 /* Release */ = {
			isa = XCBuildConfiguration;
			buildSettings = {
				ASSETCATALOG_COMPILER_APPICON_NAME = AppIcon;
				ASSETCATALOG_COMPILER_GLOBAL_ACCENT_COLOR_NAME = AccentColor;
				CODE_SIGN_STYLE = Automatic;
				CURRENT_PROJECT_VERSION = 1;
				DEVELOPMENT_TEAM = 9AK576J4RE;
				FRAMEWORK_SEARCH_PATHS = (
					"$(inherited)",
					"$(PROJECT_DIR)/DemoSdkSmartCA/SdkSmartCA",
					"$(PROJECT_DIR)/DemoSdkSmartCA/SDK_iOS/eContract-eKYC",
					"$(PROJECT_DIR)/DemoSdkSmartCA/SDK_iOS",
				);
				GENERATE_INFOPLIST_FILE = YES;
				INFOPLIST_FILE = DemoSdkSmartCA/Info.plist;
				INFOPLIST_KEY_NSCameraUsageDescription = "Cấp quyền camera để sử dụng app";
				INFOPLIST_KEY_UIApplicationSupportsIndirectInputEvents = YES;
				INFOPLIST_KEY_UILaunchStoryboardName = LaunchScreen;
				INFOPLIST_KEY_UIMainStoryboardFile = Main;
				INFOPLIST_KEY_UISupportedInterfaceOrientations = "UIInterfaceOrientationLandscapeLeft UIInterfaceOrientationLandscapeRight UIInterfaceOrientationPortrait";
				INFOPLIST_KEY_UISupportedInterfaceOrientations_iPad = "UIInterfaceOrientationPortrait UIInterfaceOrientationPortraitUpsideDown";
				IPHONEOS_DEPLOYMENT_TARGET = 13.0;
				LD_RUNPATH_SEARCH_PATHS = (
					"$(inherited)",
					"@executable_path/Frameworks",
				);
				MARKETING_VERSION = 1.0;
				PRODUCT_BUNDLE_IDENTIFIER = com.vnpt.DemoSdkSmartCA;
				PRODUCT_NAME = "$(TARGET_NAME)";
				SUPPORTED_PLATFORMS = "iphoneos iphonesimulator";
				SUPPORTS_MACCATALYST = NO;
				SUPPORTS_MAC_DESIGNED_FOR_IPHONE_IPAD = NO;
				SUPPORTS_XR_DESIGNED_FOR_IPHONE_IPAD = NO;
				SWIFT_EMIT_LOC_STRINGS = YES;
				SWIFT_VERSION = 5.0;
				TARGETED_DEVICE_FAMILY = "1,2";
			};
			name = Release;
		};
/* End XCBuildConfiguration section */

/* Begin XCConfigurationList section */
		0150032C2B2078CF002857A1 /* Build configuration list for PBXProject "DemoSdkSmartCA" */ = {
			isa = XCConfigurationList;
			buildConfigurations = (
				015003432B2078D0002857A1 /* Debug */,
				015003442B2078D0002857A1 /* Release */,
			);
			defaultConfigurationIsVisible = 0;
			defaultConfigurationName = Release;
		};
		015003452B2078D0002857A1 /* Build configuration list for PBXNativeTarget "DemoSdkSmartCA" */ = {
			isa = XCConfigurationList;
			buildConfigurations = (
				015003462B2078D0002857A1 /* Debug */,
				015003472B2078D0002857A1 /* Release */,
			);
			defaultConfigurationIsVisible = 0;
			defaultConfigurationName = Release;
		};
/* End XCConfigurationList section */
	};
	rootObject = 015003292B2078CF002857A1 /* Project object */;
}
